// !$*UTF8*$!
{
	archiveVersion = 1;
	classes = {
	};
	objectVersion = 46;
	objects = {

/* Begin PBXBuildFile section */
		607FACD61AFB9204008FA782 /* AppDelegate.swift in Sources */ = {isa = PBXBuildFile; fileRef = 607FACD51AFB9204008FA782 /* AppDelegate.swift */; };
		607FACD81AFB9204008FA782 /* ViewController.swift in Sources */ = {isa = PBXBuildFile; fileRef = 607FACD71AFB9204008FA782 /* ViewController.swift */; };
		607FACDB1AFB9204008FA782 /* Main.storyboard in Resources */ = {isa = PBXBuildFile; fileRef = 607FACD91AFB9204008FA782 /* Main.storyboard */; };
		607FACDD1AFB9204008FA782 /* Images.xcassets in Resources */ = {isa = PBXBuildFile; fileRef = 607FACDC1AFB9204008FA782 /* Images.xcassets */; };
		607FACE01AFB9204008FA782 /* LaunchScreen.xib in Resources */ = {isa = PBXBuildFile; fileRef = 607FACDE1AFB9204008FA782 /* LaunchScreen.xib */; };
		607FACEC1AFB9204008FA782 /* Tests.swift in Sources */ = {isa = PBXBuildFile; fileRef = 607FACEB1AFB9204008FA782 /* Tests.swift */; };
		80C9CB8477814577293505C8 /* Pods_Kline_Example.framework in Frameworks */ = {isa = PBXBuildFile; fileRef = 1E8F0B338853104B8A65E820 /* Pods_Kline_Example.framework */; };
		9EA4AAF92100D82A00EFF0EF /* KLineView.swift in Sources */ = {isa = PBXBuildFile; fileRef = 9EA4AAF82100D82A00EFF0EF /* KLineView.swift */; };
		9EA4AAFB2100D8C000EFF0EF /* KlineThemeColor.swift in Sources */ = {isa = PBXBuildFile; fileRef = 9EA4AAFA2100D8C000EFF0EF /* KlineThemeColor.swift */; };
		9EA4AAFD2100D9B900EFF0EF /* KlineTimeModel.swift in Sources */ = {isa = PBXBuildFile; fileRef = 9EA4AAFC2100D9B900EFF0EF /* KlineTimeModel.swift */; };
		9EA4AAFF2100D9DC00EFF0EF /* minute.json in Resources */ = {isa = PBXBuildFile; fileRef = 9EA4AAFE2100D9DC00EFF0EF /* minute.json */; };
		AFAAB385D9E41F29CEF9B97B /* Pods_Kline_Tests.framework in Frameworks */ = {isa = PBXBuildFile; fileRef = EFCC1607BD8749692D629140 /* Pods_Kline_Tests.framework */; };
		CF1BC13721E596C600CE1D48 /* KLineDelegates.swift in Sources */ = {isa = PBXBuildFile; fileRef = CF1BC13621E596C600CE1D48 /* KLineDelegates.swift */; };
		CF1BC13921E59B2900CE1D48 /* KlineDataTypes.swift in Sources */ = {isa = PBXBuildFile; fileRef = CF1BC13821E59B2900CE1D48 /* KlineDataTypes.swift */; };
		CF1BC13B21E59EE200CE1D48 /* KLineConfig.swift in Sources */ = {isa = PBXBuildFile; fileRef = CF1BC13A21E59EE200CE1D48 /* KLineConfig.swift */; };
		CF1BC13E21E5C0A400CE1D48 /* UIBezierPath-Extension.swift in Sources */ = {isa = PBXBuildFile; fileRef = CF1BC13D21E5C0A400CE1D48 /* UIBezierPath-Extension.swift */; };
		CF1BC14021E5C5B300CE1D48 /* CAShapeLayer-Extension.swift in Sources */ = {isa = PBXBuildFile; fileRef = CF1BC13F21E5C5B300CE1D48 /* CAShapeLayer-Extension.swift */; };
		CF1BC14221E5D00400CE1D48 /* CATextLayer-Extension.swift in Sources */ = {isa = PBXBuildFile; fileRef = CF1BC14121E5D00400CE1D48 /* CATextLayer-Extension.swift */; };
		CF1BC14421E5E65A00CE1D48 /* line.json in Resources */ = {isa = PBXBuildFile; fileRef = CF1BC14321E5E65A00CE1D48 /* line.json */; };
		CF1BC14621E5E96900CE1D48 /* KLineModel.swift in Sources */ = {isa = PBXBuildFile; fileRef = CF1BC14521E5E96900CE1D48 /* KLineModel.swift */; };
/* End PBXBuildFile section */

/* Begin PBXContainerItemProxy section */
		607FACE61AFB9204008FA782 /* PBXContainerItemProxy */ = {
			isa = PBXContainerItemProxy;
			containerPortal = 607FACC81AFB9204008FA782 /* Project object */;
			proxyType = 1;
			remoteGlobalIDString = 607FACCF1AFB9204008FA782;
			remoteInfo = Kline;
		};
/* End PBXContainerItemProxy section */

/* Begin PBXFileReference section */
		1E8F0B338853104B8A65E820 /* Pods_Kline_Example.framework */ = {isa = PBXFileReference; explicitFileType = wrapper.framework; includeInIndex = 0; path = Pods_Kline_Example.framework; sourceTree = BUILT_PRODUCTS_DIR; };
		4AAC6755E21F6ABD0391199F /* LICENSE */ = {isa = PBXFileReference; includeInIndex = 1; lastKnownFileType = text; name = LICENSE; path = ../LICENSE; sourceTree = "<group>"; };
		607FACD01AFB9204008FA782 /* Kline_Example.app */ = {isa = PBXFileReference; explicitFileType = wrapper.application; includeInIndex = 0; path = Kline_Example.app; sourceTree = BUILT_PRODUCTS_DIR; };
		607FACD41AFB9204008FA782 /* Info.plist */ = {isa = PBXFileReference; lastKnownFileType = text.plist.xml; path = Info.plist; sourceTree = "<group>"; };
		607FACD51AFB9204008FA782 /* AppDelegate.swift */ = {isa = PBXFileReference; lastKnownFileType = sourcecode.swift; path = AppDelegate.swift; sourceTree = "<group>"; };
		607FACD71AFB9204008FA782 /* ViewController.swift */ = {isa = PBXFileReference; lastKnownFileType = sourcecode.swift; path = ViewController.swift; sourceTree = "<group>"; };
		607FACDA1AFB9204008FA782 /* Base */ = {isa = PBXFileReference; lastKnownFileType = file.storyboard; name = Base; path = Base.lproj/Main.storyboard; sourceTree = "<group>"; };
		607FACDC1AFB9204008FA782 /* Images.xcassets */ = {isa = PBXFileReference; lastKnownFileType = folder.assetcatalog; path = Images.xcassets; sourceTree = "<group>"; };
		607FACDF1AFB9204008FA782 /* Base */ = {isa = PBXFileReference; lastKnownFileType = file.xib; name = Base; path = Base.lproj/LaunchScreen.xib; sourceTree = "<group>"; };
		607FACE51AFB9204008FA782 /* Kline_Tests.xctest */ = {isa = PBXFileReference; explicitFileType = wrapper.cfbundle; includeInIndex = 0; path = Kline_Tests.xctest; sourceTree = BUILT_PRODUCTS_DIR; };
		607FACEA1AFB9204008FA782 /* Info.plist */ = {isa = PBXFileReference; lastKnownFileType = text.plist.xml; path = Info.plist; sourceTree = "<group>"; };
		607FACEB1AFB9204008FA782 /* Tests.swift */ = {isa = PBXFileReference; lastKnownFileType = sourcecode.swift; path = Tests.swift; sourceTree = "<group>"; };
		6637413DD76D385FB4787090 /* Kline.podspec */ = {isa = PBXFileReference; includeInIndex = 1; lastKnownFileType = text; name = Kline.podspec; path = ../Kline.podspec; sourceTree = "<group>"; };
		8A55754E6E9AF609F5633266 /* Pods-Kline_Tests.release.xcconfig */ = {isa = PBXFileReference; includeInIndex = 1; lastKnownFileType = text.xcconfig; name = "Pods-Kline_Tests.release.xcconfig"; path = "Pods/Target Support Files/Pods-Kline_Tests/Pods-Kline_Tests.release.xcconfig"; sourceTree = "<group>"; };
		99D28691B59F43C6049FA76C /* Pods-Kline_Example.release.xcconfig */ = {isa = PBXFileReference; includeInIndex = 1; lastKnownFileType = text.xcconfig; name = "Pods-Kline_Example.release.xcconfig"; path = "Pods/Target Support Files/Pods-Kline_Example/Pods-Kline_Example.release.xcconfig"; sourceTree = "<group>"; };
		9A670474995FBF219CF09055 /* Pods-Kline_Tests.debug.xcconfig */ = {isa = PBXFileReference; includeInIndex = 1; lastKnownFileType = text.xcconfig; name = "Pods-Kline_Tests.debug.xcconfig"; path = "Pods/Target Support Files/Pods-Kline_Tests/Pods-Kline_Tests.debug.xcconfig"; sourceTree = "<group>"; };
		9E149CFF388A99345E394C93 /* README.md */ = {isa = PBXFileReference; includeInIndex = 1; lastKnownFileType = net.daringfireball.markdown; name = README.md; path = ../README.md; sourceTree = "<group>"; };
		9EA4AAF82100D82A00EFF0EF /* KLineView.swift */ = {isa = PBXFileReference; lastKnownFileType = sourcecode.swift; path = KLineView.swift; sourceTree = "<group>"; };
		9EA4AAFA2100D8C000EFF0EF /* KlineThemeColor.swift */ = {isa = PBXFileReference; lastKnownFileType = sourcecode.swift; path = KlineThemeColor.swift; sourceTree = "<group>"; };
		9EA4AAFC2100D9B900EFF0EF /* KlineTimeModel.swift */ = {isa = PBXFileReference; lastKnownFileType = sourcecode.swift; path = KlineTimeModel.swift; sourceTree = "<group>"; };
		9EA4AAFE2100D9DC00EFF0EF /* minute.json */ = {isa = PBXFileReference; fileEncoding = 4; lastKnownFileType = text.json; path = minute.json; sourceTree = "<group>"; };
		C7D9216685A06CF1E41AF6B1 /* Pods-Kline_Example.debug.xcconfig */ = {isa = PBXFileReference; includeInIndex = 1; lastKnownFileType = text.xcconfig; name = "Pods-Kline_Example.debug.xcconfig"; path = "Pods/Target Support Files/Pods-Kline_Example/Pods-Kline_Example.debug.xcconfig"; sourceTree = "<group>"; };
		CF1BC13621E596C600CE1D48 /* KLineDelegates.swift */ = {isa = PBXFileReference; lastKnownFileType = sourcecode.swift; path = KLineDelegates.swift; sourceTree = "<group>"; };
		CF1BC13821E59B2900CE1D48 /* KlineDataTypes.swift */ = {isa = PBXFileReference; lastKnownFileType = sourcecode.swift; path = KlineDataTypes.swift; sourceTree = "<group>"; };
		CF1BC13A21E59EE200CE1D48 /* KLineConfig.swift */ = {isa = PBXFileReference; lastKnownFileType = sourcecode.swift; path = KLineConfig.swift; sourceTree = "<group>"; };
		CF1BC13D21E5C0A400CE1D48 /* UIBezierPath-Extension.swift */ = {isa = PBXFileReference; lastKnownFileType = sourcecode.swift; path = "UIBezierPath-Extension.swift"; sourceTree = "<group>"; };
		CF1BC13F21E5C5B300CE1D48 /* CAShapeLayer-Extension.swift */ = {isa = PBXFileReference; lastKnownFileType = sourcecode.swift; path = "CAShapeLayer-Extension.swift"; sourceTree = "<group>"; };
		CF1BC14121E5D00400CE1D48 /* CATextLayer-Extension.swift */ = {isa = PBXFileReference; lastKnownFileType = sourcecode.swift; path = "CATextLayer-Extension.swift"; sourceTree = "<group>"; };
		CF1BC14321E5E65A00CE1D48 /* line.json */ = {isa = PBXFileReference; lastKnownFileType = text.json; path = line.json; sourceTree = "<group>"; };
		CF1BC14521E5E96900CE1D48 /* KLineModel.swift */ = {isa = PBXFileReference; lastKnownFileType = sourcecode.swift; path = KLineModel.swift; sourceTree = "<group>"; };
		EFCC1607BD8749692D629140 /* Pods_Kline_Tests.framework */ = {isa = PBXFileReference; explicitFileType = wrapper.framework; includeInIndex = 0; path = Pods_Kline_Tests.framework; sourceTree = BUILT_PRODUCTS_DIR; };
/* End PBXFileReference section */

/* Begin PBXFrameworksBuildPhase section */
		607FACCD1AFB9204008FA782 /* Frameworks */ = {
			isa = PBXFrameworksBuildPhase;
			buildActionMask = 2147483647;
			files = (
				80C9CB8477814577293505C8 /* Pods_Kline_Example.framework in Frameworks */,
			);
			runOnlyForDeploymentPostprocessing = 0;
		};
		607FACE21AFB9204008FA782 /* Frameworks */ = {
			isa = PBXFrameworksBuildPhase;
			buildActionMask = 2147483647;
			files = (
				AFAAB385D9E41F29CEF9B97B /* Pods_Kline_Tests.framework in Frameworks */,
			);
			runOnlyForDeploymentPostprocessing = 0;
		};
/* End PBXFrameworksBuildPhase section */

/* Begin PBXGroup section */
		1062270F5E85FD14B097F4B8 /* Pods */ = {
			isa = PBXGroup;
			children = (
				C7D9216685A06CF1E41AF6B1 /* Pods-Kline_Example.debug.xcconfig */,
				99D28691B59F43C6049FA76C /* Pods-Kline_Example.release.xcconfig */,
				9A670474995FBF219CF09055 /* Pods-Kline_Tests.debug.xcconfig */,
				8A55754E6E9AF609F5633266 /* Pods-Kline_Tests.release.xcconfig */,
			);
			name = Pods;
			sourceTree = "<group>";
		};
		607FACC71AFB9204008FA782 = {
			isa = PBXGroup;
			children = (
				607FACF51AFB993E008FA782 /* Podspec Metadata */,
				607FACD21AFB9204008FA782 /* Example for Kline */,
				607FACE81AFB9204008FA782 /* Tests */,
				607FACD11AFB9204008FA782 /* Products */,
				1062270F5E85FD14B097F4B8 /* Pods */,
				7814E9EA45339CEDC64C5E4F /* Frameworks */,
			);
			sourceTree = "<group>";
		};
		607FACD11AFB9204008FA782 /* Products */ = {
			isa = PBXGroup;
			children = (
				607FACD01AFB9204008FA782 /* Kline_Example.app */,
				607FACE51AFB9204008FA782 /* Kline_Tests.xctest */,
			);
			name = Products;
			sourceTree = "<group>";
		};
		607FACD21AFB9204008FA782 /* Example for Kline */ = {
			isa = PBXGroup;
			children = (
				9EA4AAF42100D81900EFF0EF /* Classes */,
				607FACD51AFB9204008FA782 /* AppDelegate.swift */,
				607FACD71AFB9204008FA782 /* ViewController.swift */,
				607FACD91AFB9204008FA782 /* Main.storyboard */,
				607FACDC1AFB9204008FA782 /* Images.xcassets */,
				607FACDE1AFB9204008FA782 /* LaunchScreen.xib */,
				607FACD31AFB9204008FA782 /* Supporting Files */,
			);
			name = "Example for Kline";
			path = Kline;
			sourceTree = "<group>";
		};
		607FACD31AFB9204008FA782 /* Supporting Files */ = {
			isa = PBXGroup;
			children = (
				607FACD41AFB9204008FA782 /* Info.plist */,
			);
			name = "Supporting Files";
			sourceTree = "<group>";
		};
		607FACE81AFB9204008FA782 /* Tests */ = {
			isa = PBXGroup;
			children = (
				607FACEB1AFB9204008FA782 /* Tests.swift */,
				607FACE91AFB9204008FA782 /* Supporting Files */,
			);
			path = Tests;
			sourceTree = "<group>";
		};
		607FACE91AFB9204008FA782 /* Supporting Files */ = {
			isa = PBXGroup;
			children = (
				607FACEA1AFB9204008FA782 /* Info.plist */,
			);
			name = "Supporting Files";
			sourceTree = "<group>";
		};
		607FACF51AFB993E008FA782 /* Podspec Metadata */ = {
			isa = PBXGroup;
			children = (
				6637413DD76D385FB4787090 /* Kline.podspec */,
				9E149CFF388A99345E394C93 /* README.md */,
				4AAC6755E21F6ABD0391199F /* LICENSE */,
			);
			name = "Podspec Metadata";
			sourceTree = "<group>";
		};
		7814E9EA45339CEDC64C5E4F /* Frameworks */ = {
			isa = PBXGroup;
			children = (
				1E8F0B338853104B8A65E820 /* Pods_Kline_Example.framework */,
				EFCC1607BD8749692D629140 /* Pods_Kline_Tests.framework */,
			);
			name = Frameworks;
			sourceTree = "<group>";
		};
		9EA4AAF42100D81900EFF0EF /* Classes */ = {
			isa = PBXGroup;
			children = (
				CF1BC13C21E5C08800CE1D48 /* Extension */,
				CF1BC13521E5954200CE1D48 /* Configs */,
				9EA4AAF52100D81900EFF0EF /* Controller */,
				9EA4AAF62100D81900EFF0EF /* Model */,
				9EA4AAF72100D81900EFF0EF /* View */,
			);
			path = Classes;
			sourceTree = "<group>";
		};
		9EA4AAF52100D81900EFF0EF /* Controller */ = {
			isa = PBXGroup;
			children = (
			);
			path = Controller;
			sourceTree = "<group>";
		};
		9EA4AAF62100D81900EFF0EF /* Model */ = {
			isa = PBXGroup;
			children = (
				9EA4AAFE2100D9DC00EFF0EF /* minute.json */,
				9EA4AAFC2100D9B900EFF0EF /* KlineTimeModel.swift */,
				CF1BC14321E5E65A00CE1D48 /* line.json */,
				CF1BC14521E5E96900CE1D48 /* KLineModel.swift */,
			);
			path = Model;
			sourceTree = "<group>";
		};
		9EA4AAF72100D81900EFF0EF /* View */ = {
			isa = PBXGroup;
			children = (
				9EA4AAF82100D82A00EFF0EF /* KLineView.swift */,
			);
			path = View;
			sourceTree = "<group>";
		};
		CF1BC13521E5954200CE1D48 /* Configs */ = {
			isa = PBXGroup;
			children = (
				9EA4AAFA2100D8C000EFF0EF /* KlineThemeColor.swift */,
				CF1BC13621E596C600CE1D48 /* KLineDelegates.swift */,
				CF1BC13821E59B2900CE1D48 /* KlineDataTypes.swift */,
				CF1BC13A21E59EE200CE1D48 /* KLineConfig.swift */,
			);
			path = Configs;
			sourceTree = "<group>";
		};
		CF1BC13C21E5C08800CE1D48 /* Extension */ = {
			isa = PBXGroup;
			children = (
				CF1BC13D21E5C0A400CE1D48 /* UIBezierPath-Extension.swift */,
				CF1BC13F21E5C5B300CE1D48 /* CAShapeLayer-Extension.swift */,
				CF1BC14121E5D00400CE1D48 /* CATextLayer-Extension.swift */,
			);
			path = Extension;
			sourceTree = "<group>";
		};
/* End PBXGroup section */

/* Begin PBXNativeTarget section */
		607FACCF1AFB9204008FA782 /* Kline_Example */ = {
			isa = PBXNativeTarget;
			buildConfigurationList = 607FACEF1AFB9204008FA782 /* Build configuration list for PBXNativeTarget "Kline_Example" */;
			buildPhases = (
				1A12501B775796B94BE82816 /* [CP] Check Pods Manifest.lock */,
				607FACCC1AFB9204008FA782 /* Sources */,
				607FACCD1AFB9204008FA782 /* Frameworks */,
				607FACCE1AFB9204008FA782 /* Resources */,
				7B523AE9EF6609CA59E428E8 /* [CP] Embed Pods Frameworks */,
			);
			buildRules = (
			);
			dependencies = (
			);
			name = Kline_Example;
			productName = Kline;
			productReference = 607FACD01AFB9204008FA782 /* Kline_Example.app */;
			productType = "com.apple.product-type.application";
		};
		607FACE41AFB9204008FA782 /* Kline_Tests */ = {
			isa = PBXNativeTarget;
			buildConfigurationList = 607FACF21AFB9204008FA782 /* Build configuration list for PBXNativeTarget "Kline_Tests" */;
			buildPhases = (
				D5CDB96F31ED3D15099D26B7 /* [CP] Check Pods Manifest.lock */,
				607FACE11AFB9204008FA782 /* Sources */,
				607FACE21AFB9204008FA782 /* Frameworks */,
				607FACE31AFB9204008FA782 /* Resources */,
				68E0B3555CF2964F1E8CDA62 /* [CP] Embed Pods Frameworks */,
			);
			buildRules = (
			);
			dependencies = (
				607FACE71AFB9204008FA782 /* PBXTargetDependency */,
			);
			name = Kline_Tests;
			productName = Tests;
			productReference = 607FACE51AFB9204008FA782 /* Kline_Tests.xctest */;
			productType = "com.apple.product-type.bundle.unit-test";
		};
/* End PBXNativeTarget section */

/* Begin PBXProject section */
		607FACC81AFB9204008FA782 /* Project object */ = {
			isa = PBXProject;
			attributes = {
				LastSwiftUpdateCheck = 0830;
				LastUpgradeCheck = 0830;
				ORGANIZATIONNAME = CocoaPods;
				TargetAttributes = {
					607FACCF1AFB9204008FA782 = {
						CreatedOnToolsVersion = 6.3.1;
						DevelopmentTeam = 667LB2M6MM;
						LastSwiftMigration = 0900;
					};
					607FACE41AFB9204008FA782 = {
						CreatedOnToolsVersion = 6.3.1;
						DevelopmentTeam = 667LB2M6MM;
						LastSwiftMigration = 0900;
						TestTargetID = 607FACCF1AFB9204008FA782;
					};
				};
			};
			buildConfigurationList = 607FACCB1AFB9204008FA782 /* Build configuration list for PBXProject "Kline" */;
			compatibilityVersion = "Xcode 3.2";
			developmentRegion = English;
			hasScannedForEncodings = 0;
			knownRegions = (
				en,
				Base,
			);
			mainGroup = 607FACC71AFB9204008FA782;
			productRefGroup = 607FACD11AFB9204008FA782 /* Products */;
			projectDirPath = "";
			projectRoot = "";
			targets = (
				607FACCF1AFB9204008FA782 /* Kline_Example */,
				607FACE41AFB9204008FA782 /* Kline_Tests */,
			);
		};
/* End PBXProject section */

/* Begin PBXResourcesBuildPhase section */
		607FACCE1AFB9204008FA782 /* Resources */ = {
			isa = PBXResourcesBuildPhase;
			buildActionMask = 2147483647;
			files = (
				607FACDB1AFB9204008FA782 /* Main.storyboard in Resources */,
				9EA4AAFF2100D9DC00EFF0EF /* minute.json in Resources */,
				607FACE01AFB9204008FA782 /* LaunchScreen.xib in Resources */,
				CF1BC14421E5E65A00CE1D48 /* line.json in Resources */,
				607FACDD1AFB9204008FA782 /* Images.xcassets in Resources */,
			);
			runOnlyForDeploymentPostprocessing = 0;
		};
		607FACE31AFB9204008FA782 /* Resources */ = {
			isa = PBXResourcesBuildPhase;
			buildActionMask = 2147483647;
			files = (
			);
			runOnlyForDeploymentPostprocessing = 0;
		};
/* End PBXResourcesBuildPhase section */

/* Begin PBXShellScriptBuildPhase section */
		1A12501B775796B94BE82816 /* [CP] Check Pods Manifest.lock */ = {
			isa = PBXShellScriptBuildPhase;
			buildActionMask = 2147483647;
			files = (
			);
			inputPaths = (
				"${PODS_PODFILE_DIR_PATH}/Podfile.lock",
				"${PODS_ROOT}/Manifest.lock",
			);
			name = "[CP] Check Pods Manifest.lock";
			outputPaths = (
				"$(DERIVED_FILE_DIR)/Pods-Kline_Example-checkManifestLockResult.txt",
			);
			runOnlyForDeploymentPostprocessing = 0;
			shellPath = /bin/sh;
			shellScript = "diff \"${PODS_PODFILE_DIR_PATH}/Podfile.lock\" \"${PODS_ROOT}/Manifest.lock\" > /dev/null\nif [ $? != 0 ] ; then\n    # print error to STDERR\n    echo \"error: The sandbox is not in sync with the Podfile.lock. Run 'pod install' or update your CocoaPods installation.\" >&2\n    exit 1\nfi\n# This output is used by Xcode 'outputs' to avoid re-running this script phase.\necho \"SUCCESS\" > \"${SCRIPT_OUTPUT_FILE_0}\"\n";
			showEnvVarsInLog = 0;
		};
		68E0B3555CF2964F1E8CDA62 /* [CP] Embed Pods Frameworks */ = {
			isa = PBXShellScriptBuildPhase;
			buildActionMask = 2147483647;
			files = (
			);
			inputPaths = (
				"${SRCROOT}/Pods/Target Support Files/Pods-Kline_Tests/Pods-Kline_Tests-frameworks.sh",
				"${BUILT_PRODUCTS_DIR}/FBSnapshotTestCase/FBSnapshotTestCase.framework",
			);
			name = "[CP] Embed Pods Frameworks";
			outputPaths = (
				"${TARGET_BUILD_DIR}/${FRAMEWORKS_FOLDER_PATH}/FBSnapshotTestCase.framework",
			);
			runOnlyForDeploymentPostprocessing = 0;
			shellPath = /bin/sh;
			shellScript = "\"${SRCROOT}/Pods/Target Support Files/Pods-Kline_Tests/Pods-Kline_Tests-frameworks.sh\"\n";
			showEnvVarsInLog = 0;
		};
		7B523AE9EF6609CA59E428E8 /* [CP] Embed Pods Frameworks */ = {
			isa = PBXShellScriptBuildPhase;
			buildActionMask = 2147483647;
			files = (
			);
			inputPaths = (
				"${SRCROOT}/Pods/Target Support Files/Pods-Kline_Example/Pods-Kline_Example-frameworks.sh",
				"${BUILT_PRODUCTS_DIR}/Kline/Kline.framework",
			);
			name = "[CP] Embed Pods Frameworks";
			outputPaths = (
				"${TARGET_BUILD_DIR}/${FRAMEWORKS_FOLDER_PATH}/Kline.framework",
			);
			runOnlyForDeploymentPostprocessing = 0;
			shellPath = /bin/sh;
			shellScript = "\"${SRCROOT}/Pods/Target Support Files/Pods-Kline_Example/Pods-Kline_Example-frameworks.sh\"\n";
			showEnvVarsInLog = 0;
		};
		D5CDB96F31ED3D15099D26B7 /* [CP] Check Pods Manifest.lock */ = {
			isa = PBXShellScriptBuildPhase;
			buildActionMask = 2147483647;
			files = (
			);
			inputPaths = (
				"${PODS_PODFILE_DIR_PATH}/Podfile.lock",
				"${PODS_ROOT}/Manifest.lock",
			);
			name = "[CP] Check Pods Manifest.lock";
			outputPaths = (
				"$(DERIVED_FILE_DIR)/Pods-Kline_Tests-checkManifestLockResult.txt",
			);
			runOnlyForDeploymentPostprocessing = 0;
			shellPath = /bin/sh;
			shellScript = "diff \"${PODS_PODFILE_DIR_PATH}/Podfile.lock\" \"${PODS_ROOT}/Manifest.lock\" > /dev/null\nif [ $? != 0 ] ; then\n    # print error to STDERR\n    echo \"error: The sandbox is not in sync with the Podfile.lock. Run 'pod install' or update your CocoaPods installation.\" >&2\n    exit 1\nfi\n# This output is used by Xcode 'outputs' to avoid re-running this script phase.\necho \"SUCCESS\" > \"${SCRIPT_OUTPUT_FILE_0}\"\n";
			showEnvVarsInLog = 0;
		};
/* End PBXShellScriptBuildPhase section */

/* Begin PBXSourcesBuildPhase section */
		607FACCC1AFB9204008FA782 /* Sources */ = {
			isa = PBXSourcesBuildPhase;
			buildActionMask = 2147483647;
			files = (
				9EA4AAF92100D82A00EFF0EF /* KLineView.swift in Sources */,
				CF1BC13E21E5C0A400CE1D48 /* UIBezierPath-Extension.swift in Sources */,
				9EA4AAFB2100D8C000EFF0EF /* KlineThemeColor.swift in Sources */,
				607FACD81AFB9204008FA782 /* ViewController.swift in Sources */,
				607FACD61AFB9204008FA782 /* AppDelegate.swift in Sources */,
				CF1BC14021E5C5B300CE1D48 /* CAShapeLayer-Extension.swift in Sources */,
				CF1BC13721E596C600CE1D48 /* KLineDelegates.swift in Sources */,
				CF1BC13B21E59EE200CE1D48 /* KLineConfig.swift in Sources */,
				9EA4AAFD2100D9B900EFF0EF /* KlineTimeModel.swift in Sources */,
				CF1BC14221E5D00400CE1D48 /* CATextLayer-Extension.swift in Sources */,
				CF1BC13921E59B2900CE1D48 /* KlineDataTypes.swift in Sources */,
				CF1BC14621E5E96900CE1D48 /* KLineModel.swift in Sources */,
			);
			runOnlyForDeploymentPostprocessing = 0;
		};
		607FACE11AFB9204008FA782 /* Sources */ = {
			isa = PBXSourcesBuildPhase;
			buildActionMask = 2147483647;
			files = (
				607FACEC1AFB9204008FA782 /* Tests.swift in Sources */,
			);
			runOnlyForDeploymentPostprocessing = 0;
		};
/* End PBXSourcesBuildPhase section */

/* Begin PBXTargetDependency section */
		607FACE71AFB9204008FA782 /* PBXTargetDependency */ = {
			isa = PBXTargetDependency;
			target = 607FACCF1AFB9204008FA782 /* Kline_Example */;
			targetProxy = 607FACE61AFB9204008FA782 /* PBXContainerItemProxy */;
		};
/* End PBXTargetDependency section */

/* Begin PBXVariantGroup section */
		607FACD91AFB9204008FA782 /* Main.storyboard */ = {
			isa = PBXVariantGroup;
			children = (
				607FACDA1AFB9204008FA782 /* Base */,
			);
			name = Main.storyboard;
			sourceTree = "<group>";
		};
		607FACDE1AFB9204008FA782 /* LaunchScreen.xib */ = {
			isa = PBXVariantGroup;
			children = (
				607FACDF1AFB9204008FA782 /* Base */,
			);
			name = LaunchScreen.xib;
			sourceTree = "<group>";
		};
/* End PBXVariantGroup section */

/* Begin XCBuildConfiguration section */
		607FACED1AFB9204008FA782 /* Debug */ = {
			isa = XCBuildConfiguration;
			buildSettings = {
				ALWAYS_SEARCH_USER_PATHS = NO;
				CLANG_CXX_LANGUAGE_STANDARD = "gnu++0x";
				CLANG_CXX_LIBRARY = "libc++";
				CLANG_ENABLE_MODULES = YES;
				CLANG_ENABLE_OBJC_ARC = YES;
				CLANG_WARN_BLOCK_CAPTURE_AUTORELEASING = YES;
				CLANG_WARN_BOOL_CONVERSION = YES;
				CLANG_WARN_COMMA = YES;
				CLANG_WARN_CONSTANT_CONVERSION = YES;
				CLANG_WARN_DIRECT_OBJC_ISA_USAGE = YES_ERROR;
				CLANG_WARN_EMPTY_BODY = YES;
				CLANG_WARN_ENUM_CONVERSION = YES;
				CLANG_WARN_INFINITE_RECURSION = YES;
				CLANG_WARN_INT_CONVERSION = YES;
				CLANG_WARN_NON_LITERAL_NULL_CONVERSION = YES;
				CLANG_WARN_OBJC_LITERAL_CONVERSION = YES;
				CLANG_WARN_OBJC_ROOT_CLASS = YES_ERROR;
				CLANG_WARN_RANGE_LOOP_ANALYSIS = YES;
				CLANG_WARN_STRICT_PROTOTYPES = YES;
				CLANG_WARN_SUSPICIOUS_MOVE = YES;
				CLANG_WARN_UNREACHABLE_CODE = YES;
				CLANG_WARN__DUPLICATE_METHOD_MATCH = YES;
				"CODE_SIGN_IDENTITY[sdk=iphoneos*]" = "iPhone Developer";
				COPY_PHASE_STRIP = NO;
				DEBUG_INFORMATION_FORMAT = "dwarf-with-dsym";
				ENABLE_STRICT_OBJC_MSGSEND = YES;
				ENABLE_TESTABILITY = YES;
				GCC_C_LANGUAGE_STANDARD = gnu99;
				GCC_DYNAMIC_NO_PIC = NO;
				GCC_NO_COMMON_BLOCKS = YES;
				GCC_OPTIMIZATION_LEVEL = 0;
				GCC_PREPROCESSOR_DEFINITIONS = (
					"DEBUG=1",
					"$(inherited)",
				);
				GCC_SYMBOLS_PRIVATE_EXTERN = NO;
				GCC_WARN_64_TO_32_BIT_CONVERSION = YES;
				GCC_WARN_ABOUT_RETURN_TYPE = YES_ERROR;
				GCC_WARN_UNDECLARED_SELECTOR = YES;
				GCC_WARN_UNINITIALIZED_AUTOS = YES_AGGRESSIVE;
				GCC_WARN_UNUSED_FUNCTION = YES;
				GCC_WARN_UNUSED_VARIABLE = YES;
				IPHONEOS_DEPLOYMENT_TARGET = 9.3;
				MTL_ENABLE_DEBUG_INFO = YES;
				ONLY_ACTIVE_ARCH = YES;
				SDKROOT = iphoneos;
				SWIFT_OPTIMIZATION_LEVEL = "-Onone";
			};
			name = Debug;
		};
		607FACEE1AFB9204008FA782 /* Release */ = {
			isa = XCBuildConfiguration;
			buildSettings = {
				ALWAYS_SEARCH_USER_PATHS = NO;
				CLANG_CXX_LANGUAGE_STANDARD = "gnu++0x";
				CLANG_CXX_LIBRARY = "libc++";
				CLANG_ENABLE_MODULES = YES;
				CLANG_ENABLE_OBJC_ARC = YES;
				CLANG_WARN_BLOCK_CAPTURE_AUTORELEASING = YES;
				CLANG_WARN_BOOL_CONVERSION = YES;
				CLANG_WARN_COMMA = YES;
				CLANG_WARN_CONSTANT_CONVERSION = YES;
				CLANG_WARN_DIRECT_OBJC_ISA_USAGE = YES_ERROR;
				CLANG_WARN_EMPTY_BODY = YES;
				CLANG_WARN_ENUM_CONVERSION = YES;
				CLANG_WARN_INFINITE_RECURSION = YES;
				CLANG_WARN_INT_CONVERSION = YES;
				CLANG_WARN_NON_LITERAL_NULL_CONVERSION = YES;
				CLANG_WARN_OBJC_LITERAL_CONVERSION = YES;
				CLANG_WARN_OBJC_ROOT_CLASS = YES_ERROR;
				CLANG_WARN_RANGE_LOOP_ANALYSIS = YES;
				CLANG_WARN_STRICT_PROTOTYPES = YES;
				CLANG_WARN_SUSPICIOUS_MOVE = YES;
				CLANG_WARN_UNREACHABLE_CODE = YES;
				CLANG_WARN__DUPLICATE_METHOD_MATCH = YES;
				"CODE_SIGN_IDENTITY[sdk=iphoneos*]" = "iPhone Developer";
				COPY_PHASE_STRIP = NO;
				DEBUG_INFORMATION_FORMAT = "dwarf-with-dsym";
				ENABLE_NS_ASSERTIONS = NO;
				ENABLE_STRICT_OBJC_MSGSEND = YES;
				GCC_C_LANGUAGE_STANDARD = gnu99;
				GCC_NO_COMMON_BLOCKS = YES;
				GCC_WARN_64_TO_32_BIT_CONVERSION = YES;
				GCC_WARN_ABOUT_RETURN_TYPE = YES_ERROR;
				GCC_WARN_UNDECLARED_SELECTOR = YES;
				GCC_WARN_UNINITIALIZED_AUTOS = YES_AGGRESSIVE;
				GCC_WARN_UNUSED_FUNCTION = YES;
				GCC_WARN_UNUSED_VARIABLE = YES;
				IPHONEOS_DEPLOYMENT_TARGET = 9.3;
				MTL_ENABLE_DEBUG_INFO = NO;
				SDKROOT = iphoneos;
				SWIFT_OPTIMIZATION_LEVEL = "-Owholemodule";
				VALIDATE_PRODUCT = YES;
			};
			name = Release;
		};
		607FACF01AFB9204008FA782 /* Debug */ = {
			isa = XCBuildConfiguration;
			baseConfigurationReference = C7D9216685A06CF1E41AF6B1 /* Pods-Kline_Example.debug.xcconfig */;
			buildSettings = {
				ASSETCATALOG_COMPILER_APPICON_NAME = AppIcon;
				DEVELOPMENT_TEAM = 667LB2M6MM;
				INFOPLIST_FILE = Kline/Info.plist;
				IPHONEOS_DEPLOYMENT_TARGET = 9.0;
				LD_RUNPATH_SEARCH_PATHS = "$(inherited) @executable_path/Frameworks";
				MODULE_NAME = ExampleApp;
				PRODUCT_BUNDLE_IDENTIFIER = "org.cocoapods.demo.$(PRODUCT_NAME:rfc1034identifier)";
				PRODUCT_NAME = "$(TARGET_NAME)";
				SWIFT_SWIFT3_OBJC_INFERENCE = Default;
				SWIFT_VERSION = 4.0;
			};
			name = Debug;
		};
		607FACF11AFB9204008FA782 /* Release */ = {
			isa = XCBuildConfiguration;
			baseConfigurationReference = 99D28691B59F43C6049FA76C /* Pods-Kline_Example.release.xcconfig */;
			buildSettings = {
				ASSETCATALOG_COMPILER_APPICON_NAME = AppIcon;
				DEVELOPMENT_TEAM = 667LB2M6MM;
				INFOPLIST_FILE = Kline/Info.plist;
				IPHONEOS_DEPLOYMENT_TARGET = 9.0;
				LD_RUNPATH_SEARCH_PATHS = "$(inherited) @executable_path/Frameworks";
				MODULE_NAME = ExampleApp;
				PRODUCT_BUNDLE_IDENTIFIER = "org.cocoapods.demo.$(PRODUCT_NAME:rfc1034identifier)";
				PRODUCT_NAME = "$(TARGET_NAME)";
				SWIFT_SWIFT3_OBJC_INFERENCE = Default;
				SWIFT_VERSION = 4.0;
			};
			name = Release;
		};
		607FACF31AFB9204008FA782 /* Debug */ = {
			isa = XCBuildConfiguration;
			baseConfigurationReference = 9A670474995FBF219CF09055 /* Pods-Kline_Tests.debug.xcconfig */;
			buildSettings = {
				DEVELOPMENT_TEAM = 667LB2M6MM;
				FRAMEWORK_SEARCH_PATHS = (
					"$(SDKROOT)/Developer/Library/Frameworks",
					"$(inherited)",
				);
				GCC_PREPROCESSOR_DEFINITIONS = (
					"DEBUG=1",
					"$(inherited)",
				);
				INFOPLIST_FILE = Tests/Info.plist;
				LD_RUNPATH_SEARCH_PATHS = "$(inherited) @executable_path/Frameworks @loader_path/Frameworks";
				PRODUCT_BUNDLE_IDENTIFIER = "org.cocoapods.$(PRODUCT_NAME:rfc1034identifier)";
				PRODUCT_NAME = "$(TARGET_NAME)";
				SWIFT_SWIFT3_OBJC_INFERENCE = Default;
				SWIFT_VERSION = 4.0;
				TEST_HOST = "$(BUILT_PRODUCTS_DIR)/Kline_Example.app/Kline_Example";
			};
			name = Debug;
		};
		607FACF41AFB9204008FA782 /* Release */ = {
			isa = XCBuildConfiguration;
			baseConfigurationReference = 8A55754E6E9AF609F5633266 /* Pods-Kline_Tests.release.xcconfig */;
			buildSettings = {
				DEVELOPMENT_TEAM = 667LB2M6MM;
				FRAMEWORK_SEARCH_PATHS = (
					"$(SDKROOT)/Developer/Library/Frameworks",
					"$(inherited)",
				);
				INFOPLIST_FILE = Tests/Info.plist;
				LD_RUNPATH_SEARCH_PATHS = "$(inherited) @executable_path/Frameworks @loader_path/Frameworks";
				PRODUCT_BUNDLE_IDENTIFIER = "org.cocoapods.$(PRODUCT_NAME:rfc1034identifier)";
				PRODUCT_NAME = "$(TARGET_NAME)";
				SWIFT_SWIFT3_OBJC_INFERENCE = Default;
				SWIFT_VERSION = 4.0;
				TEST_HOST = "$(BUILT_PRODUCTS_DIR)/Kline_Example.app/Kline_Example";
			};
			name = Release;
		};
/* End XCBuildConfiguration section */

/* Begin XCConfigurationList section */
		607FACCB1AFB9204008FA782 /* Build configuration list for PBXProject "Kline" */ = {
			isa = XCConfigurationList;
			buildConfigurations = (
				607FACED1AFB9204008FA782 /* Debug */,
				607FACEE1AFB9204008FA782 /* Release */,
			);
			defaultConfigurationIsVisible = 0;
			defaultConfigurationName = Release;
		};
		607FACEF1AFB9204008FA782 /* Build configuration list for PBXNativeTarget "Kline_Example" */ = {
			isa = XCConfigurationList;
			buildConfigurations = (
				607FACF01AFB9204008FA782 /* Debug */,
				607FACF11AFB9204008FA782 /* Release */,
			);
			defaultConfigurationIsVisible = 0;
			defaultConfigurationName = Release;
		};
		607FACF21AFB9204008FA782 /* Build configuration list for PBXNativeTarget "Kline_Tests" */ = {
			isa = XCConfigurationList;
			buildConfigurations = (
				607FACF31AFB9204008FA782 /* Debug */,
				607FACF41AFB9204008FA782 /* Release */,
			);
			defaultConfigurationIsVisible = 0;
			defaultConfigurationName = Release;
		};
/* End XCConfigurationList section */
	};
	rootObject = 607FACC81AFB9204008FA782 /* Project object */;
}
